
Microsoft Visual Studio Solution File, Format Version 12.00
# Visual Studio Version 17
VisualStudioVersion = 17.9.34723.18
MinimumVisualStudioVersion = 10.0.40219.1
Project("{FAE04EC0-301F-11D3-BF4B-00C04F79EFBC}") = "ShapeArea", "ShapeArea\ShapeArea.csproj", "{7ECA6315-BAE0-4E5D-ABBE-DB5DF97BCEBD}"
EndProject
Project("{2150E333-8FDC-42A3-9474-1A3956D46DE8}") = "Shapes", "Shapes", "{35FE814D-FA19-4404-B623-3F463EBA74DA}"
EndProject
Project("{FAE04EC0-301F-11D3-BF4B-00C04F79EFBC}") = "Square", "Square\Square.csproj", "{44780834-62FC-4C31-868B-70CD36AC1A10}"
EndProject
Project("{FAE04EC0-301F-11D3-BF4B-00C04F79EFBC}") = "SquareTest", "SquareTest\SquareTest.csproj", "{B8AC3B8A-E760-4906-B37E-22204DB5028A}"
EndProject
Global
	GlobalSection(SolutionConfigurationPlatforms) = preSolution
		Debug|Any CPU = Debug|Any CPU
		Release|Any CPU = Release|Any CPU
	EndGlobalSection
	GlobalSection(ProjectConfigurationPlatforms) = postSolution
		{7ECA6315-BAE0-4E5D-ABBE-DB5DF97BCEBD}.Debug|Any CPU.ActiveCfg = Debug|Any CPU
		{7ECA6315-BAE0-4E5D-ABBE-DB5DF97BCEBD}.Debug|Any CPU.Build.0 = Debug|Any CPU
		{7ECA6315-BAE0-4E5D-ABBE-DB5DF97BCEBD}.Release|Any CPU.ActiveCfg = Release|Any CPU
		{7ECA6315-BAE0-4E5D-ABBE-DB5DF97BCEBD}.Release|Any CPU.Build.0 = Release|Any CPU
		{44780834-62FC-4C31-868B-70CD36AC1A10}.Debug|Any CPU.ActiveCfg = Debug|Any CPU
		{44780834-62FC-4C31-868B-70CD36AC1A10}.Debug|Any CPU.Build.0 = Debug|Any CPU
		{44780834-62FC-4C31-868B-70CD36AC1A10}.Release|Any CPU.ActiveCfg = Release|Any CPU
		{44780834-62FC-4C31-868B-70CD36AC1A10}.Release|Any CPU.Build.0 = Release|Any CPU
		{B8AC3B8A-E760-4906-B37E-22204DB5028A}.Debug|Any CPU.ActiveCfg = Debug|Any CPU
		{B8AC3B8A-E760-4906-B37E-22204DB5028A}.Debug|Any CPU.Build.0 = Debug|Any CPU
		{B8AC3B8A-E760-4906-B37E-22204DB5028A}.Release|Any CPU.ActiveCfg = Release|Any CPU
		{B8AC3B8A-E760-4906-B37E-22204DB5028A}.Release|Any CPU.Build.0 = Release|Any CPU
	EndGlobalSection
	GlobalSection(SolutionProperties) = preSolution
		HideSolutionNode = FALSE
	EndGlobalSection
	GlobalSection(NestedProjects) = preSolution
		{44780834-62FC-4C31-868B-70CD36AC1A10} = {35FE814D-FA19-4404-B623-3F463EBA74DA}
		{B8AC3B8A-E760-4906-B37E-22204DB5028A} = {35FE814D-FA19-4404-B623-3F463EBA74DA}
	EndGlobalSection
	GlobalSection(ExtensibilityGlobals) = postSolution
		SolutionGuid = {D4CBB0D4-F45E-4209-9609-C0512579213B}
	EndGlobalSection
EndGlobal
